
Microsoft Visual Studio Solution File, Format Version 12.00
# Visual Studio Version 16
VisualStudioVersion = 16.0.29613.14
MinimumVisualStudioVersion = 10.0.40219.1
Project("{2150E333-8FDC-42A3-9474-1A3956D46DE8}") = "Solution Items", "Solution Items", "{E11B40DB-3143-44D5-8D79-62982B2BB3E7}"
	ProjectSection(SolutionItems) = preProject
		Anotações.txt = Anotações.txt
	EndProjectSection
EndProject
Project("{9A19103F-16F7-4668-BE54-9A1E7A4F7556}") = "Stackoverflow", "src\Stackoverflow\Stackoverflow.csproj", "{E57CDBAA-BEAD-4E77-A734-DADC84CBADB9}"
EndProject
Project("{FAE04EC0-301F-11D3-BF4B-00C04F79EFBC}") = "Shared", "src\Shared\Shared.csproj", "{386EC666-7CB1-48B7-8460-8CC4C4A0AB48}"
EndProject
Project("{FAE04EC0-301F-11D3-BF4B-00C04F79EFBC}") = "Optimized", "src\Optimized\Optimized.csproj", "{23AEB0BA-61FF-4142-895F-4ACEA42D49F1}"
EndProject
Global
	GlobalSection(SolutionConfigurationPlatforms) = preSolution
		Debug|Any CPU = Debug|Any CPU
		Release|Any CPU = Release|Any CPU
	EndGlobalSection
	GlobalSection(ProjectConfigurationPlatforms) = postSolution
		{E57CDBAA-BEAD-4E77-A734-DADC84CBADB9}.Debug|Any CPU.ActiveCfg = Debug|Any CPU
		{E57CDBAA-BEAD-4E77-A734-DADC84CBADB9}.Debug|Any CPU.Build.0 = Debug|Any CPU
		{E57CDBAA-BEAD-4E77-A734-DADC84CBADB9}.Release|Any CPU.ActiveCfg = Release|Any CPU
		{E57CDBAA-BEAD-4E77-A734-DADC84CBADB9}.Release|Any CPU.Build.0 = Release|Any CPU
		{386EC666-7CB1-48B7-8460-8CC4C4A0AB48}.Debug|Any CPU.ActiveCfg = Debug|Any CPU
		{386EC666-7CB1-48B7-8460-8CC4C4A0AB48}.Debug|Any CPU.Build.0 = Debug|Any CPU
		{386EC666-7CB1-48B7-8460-8CC4C4A0AB48}.Release|Any CPU.ActiveCfg = Release|Any CPU
		{386EC666-7CB1-48B7-8460-8CC4C4A0AB48}.Release|Any CPU.Build.0 = Release|Any CPU
		{23AEB0BA-61FF-4142-895F-4ACEA42D49F1}.Debug|Any CPU.ActiveCfg = Debug|Any CPU
		{23AEB0BA-61FF-4142-895F-4ACEA42D49F1}.Debug|Any CPU.Build.0 = Debug|Any CPU
		{23AEB0BA-61FF-4142-895F-4ACEA42D49F1}.Release|Any CPU.ActiveCfg = Release|Any CPU
		{23AEB0BA-61FF-4142-895F-4ACEA42D49F1}.Release|Any CPU.Build.0 = Release|Any CPU
	EndGlobalSection
	GlobalSection(SolutionProperties) = preSolution
		HideSolutionNode = FALSE
	EndGlobalSection
	GlobalSection(ExtensibilityGlobals) = postSolution
		SolutionGuid = {BE86E077-38F2-477D-BA9A-9EFD5E5369A7}
	EndGlobalSection
EndGlobal
